
Microsoft Visual Studio Solution File, Format Version 12.00
# Visual Studio Version 17
VisualStudioVersion = 17.1.32328.378
MinimumVisualStudioVersion = 10.0.40219.1
Project("{FAE04EC0-301F-11D3-BF4B-00C04F79EFBC}") = "ContagemIdade.Job", "ContagemIdade.Job\ContagemIdade.Job.csproj", "{67DE0A11-0129-4590-8180-6E87B2940A6D}"
EndProject
Project("{FAE04EC0-301F-11D3-BF4B-00C04F79EFBC}") = "ContagemIdade.Domain", "ContagemIdade.Domain\ContagemIdade.Domain.csproj", "{A65BF3AD-29BE-4990-92DA-1400C986CF78}"
EndProject
Project("{FAE04EC0-301F-11D3-BF4B-00C04F79EFBC}") = "ContagemIdade.Infrastructure", "ContagemIdade.Infrastructure\ContagemIdade.Infrastructure.csproj", "{5CC8D735-1C25-4D76-8976-C81EFAA183AA}"
EndProject
Project("{FAE04EC0-301F-11D3-BF4B-00C04F79EFBC}") = "ContagemIdade.Application", "ContagemIdade.Application\ContagemIdade.Application.csproj", "{2A089AA1-A9D9-4DA5-92A1-DEE664F79EBE}"
EndProject
Project("{FAE04EC0-301F-11D3-BF4B-00C04F79EFBC}") = "ContagemIdade.Tests", "ContagemIdade.Tests\ContagemIdade.Tests.csproj", "{B9CAD409-1E41-4DE4-958E-0E474D6EF5DC}"
EndProject
Global
	GlobalSection(SolutionConfigurationPlatforms) = preSolution
		Debug|Any CPU = Debug|Any CPU
		Release|Any CPU = Release|Any CPU
	EndGlobalSection
	GlobalSection(ProjectConfigurationPlatforms) = postSolution
		{67DE0A11-0129-4590-8180-6E87B2940A6D}.Debug|Any CPU.ActiveCfg = Debug|Any CPU
		{67DE0A11-0129-4590-8180-6E87B2940A6D}.Debug|Any CPU.Build.0 = Debug|Any CPU
		{67DE0A11-0129-4590-8180-6E87B2940A6D}.Release|Any CPU.ActiveCfg = Release|Any CPU
		{67DE0A11-0129-4590-8180-6E87B2940A6D}.Release|Any CPU.Build.0 = Release|Any CPU
		{A65BF3AD-29BE-4990-92DA-1400C986CF78}.Debug|Any CPU.ActiveCfg = Debug|Any CPU
		{A65BF3AD-29BE-4990-92DA-1400C986CF78}.Debug|Any CPU.Build.0 = Debug|Any CPU
		{A65BF3AD-29BE-4990-92DA-1400C986CF78}.Release|Any CPU.ActiveCfg = Release|Any CPU
		{A65BF3AD-29BE-4990-92DA-1400C986CF78}.Release|Any CPU.Build.0 = Release|Any CPU
		{5CC8D735-1C25-4D76-8976-C81EFAA183AA}.Debug|Any CPU.ActiveCfg = Debug|Any CPU
		{5CC8D735-1C25-4D76-8976-C81EFAA183AA}.Debug|Any CPU.Build.0 = Debug|Any CPU
		{5CC8D735-1C25-4D76-8976-C81EFAA183AA}.Release|Any CPU.ActiveCfg = Release|Any CPU
		{5CC8D735-1C25-4D76-8976-C81EFAA183AA}.Release|Any CPU.Build.0 = Release|Any CPU
		{2A089AA1-A9D9-4DA5-92A1-DEE664F79EBE}.Debug|Any CPU.ActiveCfg = Debug|Any CPU
		{2A089AA1-A9D9-4DA5-92A1-DEE664F79EBE}.Debug|Any CPU.Build.0 = Debug|Any CPU
		{2A089AA1-A9D9-4DA5-92A1-DEE664F79EBE}.Release|Any CPU.ActiveCfg = Release|Any CPU
		{2A089AA1-A9D9-4DA5-92A1-DEE664F79EBE}.Release|Any CPU.Build.0 = Release|Any CPU
		{B9CAD409-1E41-4DE4-958E-0E474D6EF5DC}.Debug|Any CPU.ActiveCfg = Debug|Any CPU
		{B9CAD409-1E41-4DE4-958E-0E474D6EF5DC}.Debug|Any CPU.Build.0 = Debug|Any CPU
		{B9CAD409-1E41-4DE4-958E-0E474D6EF5DC}.Release|Any CPU.ActiveCfg = Release|Any CPU
		{B9CAD409-1E41-4DE4-958E-0E474D6EF5DC}.Release|Any CPU.Build.0 = Release|Any CPU
	EndGlobalSection
	GlobalSection(SolutionProperties) = preSolution
		HideSolutionNode = FALSE
	EndGlobalSection
	GlobalSection(ExtensibilityGlobals) = postSolution
		SolutionGuid = {A8CD8CF6-D54F-45B1-BCC5-EA04324FDD8C}
	EndGlobalSection
EndGlobal
